
Microsoft Visual Studio Solution File, Format Version 12.00
Project("{FAE04EC0-301F-11D3-BF4B-00C04F79EFBC}") = "Server", "Server\Server.csproj", "{724899FC-FE44-4B59-8950-63EFBD4E0F4C}"
EndProject
Project("{FAE04EC0-301F-11D3-BF4B-00C04F79EFBC}") = "Server.Tests.Unit", "Server.Tests.Unit\Server.Tests.Unit.csproj", "{037FB9A8-4B45-48B2-87F1-B293322F032D}"
EndProject
Project("{FAE04EC0-301F-11D3-BF4B-00C04F79EFBC}") = "Server.Tests.Integration", "Server.Tests.Integration\Server.Tests.Integration.csproj", "{F3340CE1-471B-4FC1-82B0-B43C52896634}"
EndProject
Global
	GlobalSection(SolutionConfigurationPlatforms) = preSolution
		Debug|Any CPU = Debug|Any CPU
		Release|Any CPU = Release|Any CPU
	EndGlobalSection
	GlobalSection(ProjectConfigurationPlatforms) = postSolution
		{724899FC-FE44-4B59-8950-63EFBD4E0F4C}.Debug|Any CPU.ActiveCfg = Debug|Any CPU
		{724899FC-FE44-4B59-8950-63EFBD4E0F4C}.Debug|Any CPU.Build.0 = Debug|Any CPU
		{724899FC-FE44-4B59-8950-63EFBD4E0F4C}.Release|Any CPU.ActiveCfg = Release|Any CPU
		{724899FC-FE44-4B59-8950-63EFBD4E0F4C}.Release|Any CPU.Build.0 = Release|Any CPU
		{037FB9A8-4B45-48B2-87F1-B293322F032D}.Debug|Any CPU.ActiveCfg = Debug|Any CPU
		{037FB9A8-4B45-48B2-87F1-B293322F032D}.Debug|Any CPU.Build.0 = Debug|Any CPU
		{037FB9A8-4B45-48B2-87F1-B293322F032D}.Release|Any CPU.ActiveCfg = Release|Any CPU
		{037FB9A8-4B45-48B2-87F1-B293322F032D}.Release|Any CPU.Build.0 = Release|Any CPU
		{F3340CE1-471B-4FC1-82B0-B43C52896634}.Debug|Any CPU.ActiveCfg = Debug|Any CPU
		{F3340CE1-471B-4FC1-82B0-B43C52896634}.Debug|Any CPU.Build.0 = Debug|Any CPU
		{F3340CE1-471B-4FC1-82B0-B43C52896634}.Release|Any CPU.ActiveCfg = Release|Any CPU
		{F3340CE1-471B-4FC1-82B0-B43C52896634}.Release|Any CPU.Build.0 = Release|Any CPU
	EndGlobalSection
EndGlobal
